// !$*UTF8*$!
{
	archiveVersion = 1;
	classes = {
	};
	objectVersion = 46;
	objects = {

/* Begin PBXBuildFile section */
		8C1CEEB21AB5A9CB00CA9CCF /* main.m in Sources */ = {isa = PBXBuildFile; fileRef = 8C1CEEB11AB5A9CB00CA9CCF /* main.m */; };
		8C1CEEB51AB5A9CB00CA9CCF /* AppDelegate.m in Sources */ = {isa = PBXBuildFile; fileRef = 8C1CEEB41AB5A9CB00CA9CCF /* AppDelegate.m */; };
		8C1CEEB81AB5A9CB00CA9CCF /* FormViewController.m in Sources */ = {isa = PBXBuildFile; fileRef = 8C1CEEB71AB5A9CB00CA9CCF /* FormViewController.m */; };
		8C1CEEBD1AB5A9CC00CA9CCF /* Images.xcassets in Resources */ = {isa = PBXBuildFile; fileRef = 8C1CEEBC1AB5A9CC00CA9CCF /* Images.xcassets */; };
		8C1CEEC01AB5A9CC00CA9CCF /* LaunchScreen.xib in Resources */ = {isa = PBXBuildFile; fileRef = 8C1CEEBE1AB5A9CC00CA9CCF /* LaunchScreen.xib */; };
		8C1CEECC1AB5A9CC00CA9CCF /* SCTestClientTests.m in Sources */ = {isa = PBXBuildFile; fileRef = 8C1CEECB1AB5A9CC00CA9CCF /* SCTestClientTests.m */; };
		8C1CEED61AB5ACE500CA9CCF /* FormViewController.xib in Resources */ = {isa = PBXBuildFile; fileRef = 8C1CEED51AB5ACE500CA9CCF /* FormViewController.xib */; };
		E1486782FF10B09A9C53A518 /* libPods.a in Frameworks */ = {isa = PBXBuildFile; fileRef = 682EAF40C18BD3B72DCE1CA3 /* libPods.a */; };
/* End PBXBuildFile section */

/* Begin PBXContainerItemProxy section */
		8C1CEEC61AB5A9CC00CA9CCF /* PBXContainerItemProxy */ = {
			isa = PBXContainerItemProxy;
			containerPortal = 8C1CEEA41AB5A9CB00CA9CCF /* Project object */;
			proxyType = 1;
			remoteGlobalIDString = 8C1CEEAB1AB5A9CB00CA9CCF;
			remoteInfo = SCTestClient;
		};
/* End PBXContainerItemProxy section */

/* Begin PBXFileReference section */
		59F293F4799F64AEB1253A3C /* Pods.debug.xcconfig */ = {isa = PBXFileReference; includeInIndex = 1; lastKnownFileType = text.xcconfig; name = Pods.debug.xcconfig; path = "Pods/Target Support Files/Pods/Pods.debug.xcconfig"; sourceTree = "<group>"; };
		682EAF40C18BD3B72DCE1CA3 /* libPods.a */ = {isa = PBXFileReference; explicitFileType = archive.ar; includeInIndex = 0; path = libPods.a; sourceTree = BUILT_PRODUCTS_DIR; };
		8C1CEEAC1AB5A9CB00CA9CCF /* SCTestClient.app */ = {isa = PBXFileReference; explicitFileType = wrapper.application; includeInIndex = 0; path = SCTestClient.app; sourceTree = BUILT_PRODUCTS_DIR; };
		8C1CEEB01AB5A9CB00CA9CCF /* Info.plist */ = {isa = PBXFileReference; lastKnownFileType = text.plist.xml; path = Info.plist; sourceTree = "<group>"; };
		8C1CEEB11AB5A9CB00CA9CCF /* main.m */ = {isa = PBXFileReference; lastKnownFileType = sourcecode.c.objc; path = main.m; sourceTree = "<group>"; };
		8C1CEEB31AB5A9CB00CA9CCF /* AppDelegate.h */ = {isa = PBXFileReference; lastKnownFileType = sourcecode.c.h; path = AppDelegate.h; sourceTree = "<group>"; };
		8C1CEEB41AB5A9CB00CA9CCF /* AppDelegate.m */ = {isa = PBXFileReference; lastKnownFileType = sourcecode.c.objc; path = AppDelegate.m; sourceTree = "<group>"; };
		8C1CEEB61AB5A9CB00CA9CCF /* FormViewController.h */ = {isa = PBXFileReference; lastKnownFileType = sourcecode.c.h; path = FormViewController.h; sourceTree = "<group>"; };
		8C1CEEB71AB5A9CB00CA9CCF /* FormViewController.m */ = {isa = PBXFileReference; lastKnownFileType = sourcecode.c.objc; path = FormViewController.m; sourceTree = "<group>"; };
		8C1CEEBC1AB5A9CC00CA9CCF /* Images.xcassets */ = {isa = PBXFileReference; lastKnownFileType = folder.assetcatalog; path = Images.xcassets; sourceTree = "<group>"; };
		8C1CEEBF1AB5A9CC00CA9CCF /* Base */ = {isa = PBXFileReference; lastKnownFileType = file.xib; name = Base; path = Base.lproj/LaunchScreen.xib; sourceTree = "<group>"; };
		8C1CEEC51AB5A9CC00CA9CCF /* SCTestClientTests.xctest */ = {isa = PBXFileReference; explicitFileType = wrapper.cfbundle; includeInIndex = 0; path = SCTestClientTests.xctest; sourceTree = BUILT_PRODUCTS_DIR; };
		8C1CEECA1AB5A9CC00CA9CCF /* Info.plist */ = {isa = PBXFileReference; lastKnownFileType = text.plist.xml; path = Info.plist; sourceTree = "<group>"; };
		8C1CEECB1AB5A9CC00CA9CCF /* SCTestClientTests.m */ = {isa = PBXFileReference; lastKnownFileType = sourcecode.c.objc; path = SCTestClientTests.m; sourceTree = "<group>"; };
		8C1CEED51AB5ACE500CA9CCF /* FormViewController.xib */ = {isa = PBXFileReference; fileEncoding = 4; lastKnownFileType = file.xib; path = FormViewController.xib; sourceTree = "<group>"; };
		CE3319B6AD37A1417106CBF9 /* Pods.release.xcconfig */ = {isa = PBXFileReference; includeInIndex = 1; lastKnownFileType = text.xcconfig; name = Pods.release.xcconfig; path = "Pods/Target Support Files/Pods/Pods.release.xcconfig"; sourceTree = "<group>"; };
/* End PBXFileReference section */

/* Begin PBXFrameworksBuildPhase section */
		8C1CEEA91AB5A9CB00CA9CCF /* Frameworks */ = {
			isa = PBXFrameworksBuildPhase;
			buildActionMask = 2147483647;
			files = (
				E1486782FF10B09A9C53A518 /* libPods.a in Frameworks */,
			);
			runOnlyForDeploymentPostprocessing = 0;
		};
		8C1CEEC21AB5A9CC00CA9CCF /* Frameworks */ = {
			isa = PBXFrameworksBuildPhase;
			buildActionMask = 2147483647;
			files = (
			);
			runOnlyForDeploymentPostprocessing = 0;
		};
/* End PBXFrameworksBuildPhase section */

/* Begin PBXGroup section */
		80FE257B0BF16BCCAFD70B11 /* Pods */ = {
			isa = PBXGroup;
			children = (
				59F293F4799F64AEB1253A3C /* Pods.debug.xcconfig */,
				CE3319B6AD37A1417106CBF9 /* Pods.release.xcconfig */,
			);
			name = Pods;
			sourceTree = "<group>";
		};
		8B7D92ED808E1C809DA6A71E /* Frameworks */ = {
			isa = PBXGroup;
			children = (
				682EAF40C18BD3B72DCE1CA3 /* libPods.a */,
			);
			name = Frameworks;
			sourceTree = "<group>";
		};
		8C1CEEA31AB5A9CB00CA9CCF = {
			isa = PBXGroup;
			children = (
				8C1CEEAE1AB5A9CB00CA9CCF /* SCTestClient */,
				8C1CEEC81AB5A9CC00CA9CCF /* SCTestClientTests */,
				8C1CEEAD1AB5A9CB00CA9CCF /* Products */,
				80FE257B0BF16BCCAFD70B11 /* Pods */,
				8B7D92ED808E1C809DA6A71E /* Frameworks */,
			);
			sourceTree = "<group>";
		};
		8C1CEEAD1AB5A9CB00CA9CCF /* Products */ = {
			isa = PBXGroup;
			children = (
				8C1CEEAC1AB5A9CB00CA9CCF /* SCTestClient.app */,
				8C1CEEC51AB5A9CC00CA9CCF /* SCTestClientTests.xctest */,
			);
			name = Products;
			sourceTree = "<group>";
		};
		8C1CEEAE1AB5A9CB00CA9CCF /* SCTestClient */ = {
			isa = PBXGroup;
			children = (
				8C1CEEB31AB5A9CB00CA9CCF /* AppDelegate.h */,
				8C1CEEB41AB5A9CB00CA9CCF /* AppDelegate.m */,
				8C1CEEBC1AB5A9CC00CA9CCF /* Images.xcassets */,
				8C1CEEBE1AB5A9CC00CA9CCF /* LaunchScreen.xib */,
				8C1CEEAF1AB5A9CB00CA9CCF /* Supporting Files */,
				8C1CEEB61AB5A9CB00CA9CCF /* FormViewController.h */,
				8C1CEEB71AB5A9CB00CA9CCF /* FormViewController.m */,
				8C1CEED51AB5ACE500CA9CCF /* FormViewController.xib */,
			);
			path = SCTestClient;
			sourceTree = "<group>";
		};
		8C1CEEAF1AB5A9CB00CA9CCF /* Supporting Files */ = {
			isa = PBXGroup;
			children = (
				8C1CEEB01AB5A9CB00CA9CCF /* Info.plist */,
				8C1CEEB11AB5A9CB00CA9CCF /* main.m */,
			);
			name = "Supporting Files";
			sourceTree = "<group>";
		};
		8C1CEEC81AB5A9CC00CA9CCF /* SCTestClientTests */ = {
			isa = PBXGroup;
			children = (
				8C1CEECB1AB5A9CC00CA9CCF /* SCTestClientTests.m */,
				8C1CEEC91AB5A9CC00CA9CCF /* Supporting Files */,
			);
			path = SCTestClientTests;
			sourceTree = "<group>";
		};
		8C1CEEC91AB5A9CC00CA9CCF /* Supporting Files */ = {
			isa = PBXGroup;
			children = (
				8C1CEECA1AB5A9CC00CA9CCF /* Info.plist */,
			);
			name = "Supporting Files";
			sourceTree = "<group>";
		};
/* End PBXGroup section */

/* Begin PBXNativeTarget section */
		8C1CEEAB1AB5A9CB00CA9CCF /* SCTestClient */ = {
			isa = PBXNativeTarget;
			buildConfigurationList = 8C1CEECF1AB5A9CC00CA9CCF /* Build configuration list for PBXNativeTarget "SCTestClient" */;
			buildPhases = (
				12B2717B7C4CE80C2AE5E011 /* Check Pods Manifest.lock */,
				8C1CEEA81AB5A9CB00CA9CCF /* Sources */,
				8C1CEEA91AB5A9CB00CA9CCF /* Frameworks */,
				8C1CEEAA1AB5A9CB00CA9CCF /* Resources */,
				8225DCEFF96B19D836AC1881 /* Copy Pods Resources */,
			);
			buildRules = (
			);
			dependencies = (
			);
			name = SCTestClient;
			productName = SCTestClient;
			productReference = 8C1CEEAC1AB5A9CB00CA9CCF /* SCTestClient.app */;
			productType = "com.apple.product-type.application";
		};
		8C1CEEC41AB5A9CC00CA9CCF /* SCTestClientTests */ = {
			isa = PBXNativeTarget;
			buildConfigurationList = 8C1CEED21AB5A9CC00CA9CCF /* Build configuration list for PBXNativeTarget "SCTestClientTests" */;
			buildPhases = (
				8C1CEEC11AB5A9CC00CA9CCF /* Sources */,
				8C1CEEC21AB5A9CC00CA9CCF /* Frameworks */,
				8C1CEEC31AB5A9CC00CA9CCF /* Resources */,
			);
			buildRules = (
			);
			dependencies = (
				8C1CEEC71AB5A9CC00CA9CCF /* PBXTargetDependency */,
			);
			name = SCTestClientTests;
			productName = SCTestClientTests;
			productReference = 8C1CEEC51AB5A9CC00CA9CCF /* SCTestClientTests.xctest */;
			productType = "com.apple.product-type.bundle.unit-test";
		};
/* End PBXNativeTarget section */

/* Begin PBXProject section */
		8C1CEEA41AB5A9CB00CA9CCF /* Project object */ = {
			isa = PBXProject;
			attributes = {
				LastUpgradeCheck = 0620;
				ORGANIZATIONNAME = SoundCloud;
				TargetAttributes = {
					8C1CEEAB1AB5A9CB00CA9CCF = {
						CreatedOnToolsVersion = 6.2;
					};
					8C1CEEC41AB5A9CC00CA9CCF = {
						CreatedOnToolsVersion = 6.2;
						TestTargetID = 8C1CEEAB1AB5A9CB00CA9CCF;
					};
				};
			};
			buildConfigurationList = 8C1CEEA71AB5A9CB00CA9CCF /* Build configuration list for PBXProject "SCTestClient" */;
			compatibilityVersion = "Xcode 3.2";
			developmentRegion = English;
			hasScannedForEncodings = 0;
			knownRegions = (
				en,
				Base,
			);
			mainGroup = 8C1CEEA31AB5A9CB00CA9CCF;
			productRefGroup = 8C1CEEAD1AB5A9CB00CA9CCF /* Products */;
			projectDirPath = "";
			projectRoot = "";
			targets = (
				8C1CEEAB1AB5A9CB00CA9CCF /* SCTestClient */,
				8C1CEEC41AB5A9CC00CA9CCF /* SCTestClientTests */,
			);
		};
/* End PBXProject section */

/* Begin PBXResourcesBuildPhase section */
		8C1CEEAA1AB5A9CB00CA9CCF /* Resources */ = {
			isa = PBXResourcesBuildPhase;
			buildActionMask = 2147483647;
			files = (
				8C1CEEC01AB5A9CC00CA9CCF /* LaunchScreen.xib in Resources */,
				8C1CEED61AB5ACE500CA9CCF /* FormViewController.xib in Resources */,
				8C1CEEBD1AB5A9CC00CA9CCF /* Images.xcassets in Resources */,
			);
			runOnlyForDeploymentPostprocessing = 0;
		};
		8C1CEEC31AB5A9CC00CA9CCF /* Resources */ = {
			isa = PBXResourcesBuildPhase;
			buildActionMask = 2147483647;
			files = (
			);
			runOnlyForDeploymentPostprocessing = 0;
		};
/* End PBXResourcesBuildPhase section */

/* Begin PBXShellScriptBuildPhase section */
		12B2717B7C4CE80C2AE5E011 /* Check Pods Manifest.lock */ = {
			isa = PBXShellScriptBuildPhase;
			buildActionMask = 2147483647;
			files = (
			);
			inputPaths = (
			);
			name = "Check Pods Manifest.lock";
			outputPaths = (
			);
			runOnlyForDeploymentPostprocessing = 0;
			shellPath = /bin/sh;
			shellScript = "diff \"${PODS_ROOT}/../Podfile.lock\" \"${PODS_ROOT}/Manifest.lock\" > /dev/null\nif [[ $? != 0 ]] ; then\n    cat << EOM\nerror: The sandbox is not in sync with the Podfile.lock. Run 'pod install' or update your CocoaPods installation.\nEOM\n    exit 1\nfi\n";
			showEnvVarsInLog = 0;
		};
		8225DCEFF96B19D836AC1881 /* Copy Pods Resources */ = {
			isa = PBXShellScriptBuildPhase;
			buildActionMask = 2147483647;
			files = (
			);
			inputPaths = (
			);
			name = "Copy Pods Resources";
			outputPaths = (
			);
			runOnlyForDeploymentPostprocessing = 0;
			shellPath = /bin/sh;
			shellScript = "\"${SRCROOT}/Pods/Target Support Files/Pods/Pods-resources.sh\"\n";
			showEnvVarsInLog = 0;
		};
/* End PBXShellScriptBuildPhase section */

/* Begin PBXSourcesBuildPhase section */
		8C1CEEA81AB5A9CB00CA9CCF /* Sources */ = {
			isa = PBXSourcesBuildPhase;
			buildActionMask = 2147483647;
			files = (
				8C1CEEB81AB5A9CB00CA9CCF /* FormViewController.m in Sources */,
				8C1CEEB51AB5A9CB00CA9CCF /* AppDelegate.m in Sources */,
				8C1CEEB21AB5A9CB00CA9CCF /* main.m in Sources */,
			);
			runOnlyForDeploymentPostprocessing = 0;
		};
		8C1CEEC11AB5A9CC00CA9CCF /* Sources */ = {
			isa = PBXSourcesBuildPhase;
			buildActionMask = 2147483647;
			files = (
				8C1CEECC1AB5A9CC00CA9CCF /* SCTestClientTests.m in Sources */,
			);
			runOnlyForDeploymentPostprocessing = 0;
		};
/* End PBXSourcesBuildPhase section */

/* Begin PBXTargetDependency section */
		8C1CEEC71AB5A9CC00CA9CCF /* PBXTargetDependency */ = {
			isa = PBXTargetDependency;
			target = 8C1CEEAB1AB5A9CB00CA9CCF /* SCTestClient */;
			targetProxy = 8C1CEEC61AB5A9CC00CA9CCF /* PBXContainerItemProxy */;
		};
/* End PBXTargetDependency section */

/* Begin PBXVariantGroup section */
		8C1CEEBE1AB5A9CC00CA9CCF /* LaunchScreen.xib */ = {
			isa = PBXVariantGroup;
			children = (
				8C1CEEBF1AB5A9CC00CA9CCF /* Base */,
			);
			name = LaunchScreen.xib;
			sourceTree = "<group>";
		};
/* End PBXVariantGroup section */

/* Begin XCBuildConfiguration section */
		8C1CEECD1AB5A9CC00CA9CCF /* Debug */ = {
			isa = XCBuildConfiguration;
			buildSettings = {
				ALWAYS_SEARCH_USER_PATHS = NO;
				CLANG_CXX_LANGUAGE_STANDARD = "gnu++0x";
				CLANG_CXX_LIBRARY = "libc++";
				CLANG_ENABLE_MODULES = YES;
				CLANG_ENABLE_OBJC_ARC = YES;
				CLANG_WARN_BOOL_CONVERSION = YES;
				CLANG_WARN_CONSTANT_CONVERSION = YES;
				CLANG_WARN_DIRECT_OBJC_ISA_USAGE = YES_ERROR;
				CLANG_WARN_EMPTY_BODY = YES;
				CLANG_WARN_ENUM_CONVERSION = YES;
				CLANG_WARN_INT_CONVERSION = YES;
				CLANG_WARN_OBJC_ROOT_CLASS = YES_ERROR;
				CLANG_WARN_UNREACHABLE_CODE = YES;
				CLANG_WARN__DUPLICATE_METHOD_MATCH = YES;
				"CODE_SIGN_IDENTITY[sdk=iphoneos*]" = "iPhone Developer";
				COPY_PHASE_STRIP = NO;
				ENABLE_STRICT_OBJC_MSGSEND = YES;
				GCC_C_LANGUAGE_STANDARD = gnu99;
				GCC_DYNAMIC_NO_PIC = NO;
				GCC_OPTIMIZATION_LEVEL = 0;
				GCC_PREPROCESSOR_DEFINITIONS = (
					"DEBUG=1",
					"$(inherited)",
				);
				GCC_SYMBOLS_PRIVATE_EXTERN = NO;
				GCC_WARN_64_TO_32_BIT_CONVERSION = YES;
				GCC_WARN_ABOUT_RETURN_TYPE = YES_ERROR;
				GCC_WARN_UNDECLARED_SELECTOR = YES;
				GCC_WARN_UNINITIALIZED_AUTOS = YES_AGGRESSIVE;
				GCC_WARN_UNUSED_FUNCTION = YES;
				GCC_WARN_UNUSED_VARIABLE = YES;
				IPHONEOS_DEPLOYMENT_TARGET = 8.2;
				MTL_ENABLE_DEBUG_INFO = YES;
				ONLY_ACTIVE_ARCH = YES;
				SDKROOT = iphoneos;
			};
			name = Debug;
		};
		8C1CEECE1AB5A9CC00CA9CCF /* Release */ = {
			isa = XCBuildConfiguration;
			buildSettings = {
				ALWAYS_SEARCH_USER_PATHS = NO;
				CLANG_CXX_LANGUAGE_STANDARD = "gnu++0x";
				CLANG_CXX_LIBRARY = "libc++";
				CLANG_ENABLE_MODULES = YES;
				CLANG_ENABLE_OBJC_ARC = YES;
				CLANG_WARN_BOOL_CONVERSION = YES;
				CLANG_WARN_CONSTANT_CONVERSION = YES;
				CLANG_WARN_DIRECT_OBJC_ISA_USAGE = YES_ERROR;
				CLANG_WARN_EMPTY_BODY = YES;
				CLANG_WARN_ENUM_CONVERSION = YES;
				CLANG_WARN_INT_CONVERSION = YES;
				CLANG_WARN_OBJC_ROOT_CLASS = YES_ERROR;
				CLANG_WARN_UNREACHABLE_CODE = YES;
				CLANG_WARN__DUPLICATE_METHOD_MATCH = YES;
				"CODE_SIGN_IDENTITY[sdk=iphoneos*]" = "iPhone Developer";
				COPY_PHASE_STRIP = NO;
				ENABLE_NS_ASSERTIONS = NO;
				ENABLE_STRICT_OBJC_MSGSEND = YES;
				GCC_C_LANGUAGE_STANDARD = gnu99;
				GCC_WARN_64_TO_32_BIT_CONVERSION = YES;
				GCC_WARN_ABOUT_RETURN_TYPE = YES_ERROR;
				GCC_WARN_UNDECLARED_SELECTOR = YES;
				GCC_WARN_UNINITIALIZED_AUTOS = YES_AGGRESSIVE;
				GCC_WARN_UNUSED_FUNCTION = YES;
				GCC_WARN_UNUSED_VARIABLE = YES;
				IPHONEOS_DEPLOYMENT_TARGET = 8.2;
				MTL_ENABLE_DEBUG_INFO = NO;
				SDKROOT = iphoneos;
				VALIDATE_PRODUCT = YES;
			};
			name = Release;
		};
		8C1CEED01AB5A9CC00CA9CCF /* Debug */ = {
			isa = XCBuildConfiguration;
			baseConfigurationReference = 59F293F4799F64AEB1253A3C /* Pods.debug.xcconfig */;
			buildSettings = {
				ASSETCATALOG_COMPILER_APPICON_NAME = AppIcon;
				INFOPLIST_FILE = SCTestClient/Info.plist;
				IPHONEOS_DEPLOYMENT_TARGET = 8.0;
				LD_RUNPATH_SEARCH_PATHS = "$(inherited) @executable_path/Frameworks";
				PRODUCT_NAME = "$(TARGET_NAME)";
			};
			name = Debug;
		};
		8C1CEED11AB5A9CC00CA9CCF /* Release */ = {
			isa = XCBuildConfiguration;
			baseConfigurationReference = CE3319B6AD37A1417106CBF9 /* Pods.release.xcconfig */;
			buildSettings = {
				ASSETCATALOG_COMPILER_APPICON_NAME = AppIcon;
				INFOPLIST_FILE = SCTestClient/Info.plist;
				IPHONEOS_DEPLOYMENT_TARGET = 8.0;
				LD_RUNPATH_SEARCH_PATHS = "$(inherited) @executable_path/Frameworks";
				PRODUCT_NAME = "$(TARGET_NAME)";
			};
			name = Release;
		};
		8C1CEED31AB5A9CC00CA9CCF /* Debug */ = {
			isa = XCBuildConfiguration;
			buildSettings = {
				BUNDLE_LOADER = "$(TEST_HOST)";
				FRAMEWORK_SEARCH_PATHS = (
					"$(SDKROOT)/Developer/Library/Frameworks",
					"$(inherited)",
				);
				GCC_PREPROCESSOR_DEFINITIONS = (
					"DEBUG=1",
					"$(inherited)",
				);
				INFOPLIST_FILE = SCTestClientTests/Info.plist;
				LD_RUNPATH_SEARCH_PATHS = "$(inherited) @executable_path/Frameworks @loader_path/Frameworks";
				PRODUCT_NAME = "$(TARGET_NAME)";
				TEST_HOST = "$(BUILT_PRODUCTS_DIR)/SCTestClient.app/SCTestClient";
			};
			name = Debug;
		};
		8C1CEED41AB5A9CC00CA9CCF /* Release */ = {
			isa = XCBuildConfiguration;
			buildSettings = {
				BUNDLE_LOADER = "$(TEST_HOST)";
				FRAMEWORK_SEARCH_PATHS = (
					"$(SDKROOT)/Developer/Library/Frameworks",
					"$(inherited)",
				);
				INFOPLIST_FILE = SCTestClientTests/Info.plist;
				LD_RUNPATH_SEARCH_PATHS = "$(inherited) @executable_path/Frameworks @loader_path/Frameworks";
				PRODUCT_NAME = "$(TARGET_NAME)";
				TEST_HOST = "$(BUILT_PRODUCTS_DIR)/SCTestClient.app/SCTestClient";
			};
			name = Release;
		};
/* End XCBuildConfiguration section */

/* Begin XCConfigurationList section */
		8C1CEEA71AB5A9CB00CA9CCF /* Build configuration list for PBXProject "SCTestClient" */ = {
			isa = XCConfigurationList;
			buildConfigurations = (
				8C1CEECD1AB5A9CC00CA9CCF /* Debug */,
				8C1CEECE1AB5A9CC00CA9CCF /* Release */,
			);
			defaultConfigurationIsVisible = 0;
			defaultConfigurationName = Release;
		};
		8C1CEECF1AB5A9CC00CA9CCF /* Build configuration list for PBXNativeTarget "SCTestClient" */ = {
			isa = XCConfigurationList;
			buildConfigurations = (
				8C1CEED01AB5A9CC00CA9CCF /* Debug */,
				8C1CEED11AB5A9CC00CA9CCF /* Release */,
			);
			defaultConfigurationIsVisible = 0;
			defaultConfigurationName = Release;
		};
		8C1CEED21AB5A9CC00CA9CCF /* Build configuration list for PBXNativeTarget "SCTestClientTests" */ = {
			isa = XCConfigurationList;
			buildConfigurations = (
				8C1CEED31AB5A9CC00CA9CCF /* Debug */,
				8C1CEED41AB5A9CC00CA9CCF /* Release */,
			);
			defaultConfigurationIsVisible = 0;
			defaultConfigurationName = Release;
		};
/* End XCConfigurationList section */
	};
	rootObject = 8C1CEEA41AB5A9CB00CA9CCF /* Project object */;
}
